
Microsoft Visual Studio Solution File, Format Version 12.00
# Visual Studio Version 17
VisualStudioVersion = 17.9.34622.214
MinimumVisualStudioVersion = 10.0.40219.1
Project("{9A19103F-16F7-4668-BE54-9A1E7A4F7556}") = "SOF304_Lab5", "SOF304_Lab5\SOF304_Lab5.csproj", "{F2CA1003-BC51-412E-BF4A-329E0CECB2BC}"
EndProject
Project("{FAE04EC0-301F-11D3-BF4B-00C04F79EFBC}") = "SOF304_Lab5.2", "SOF304_Lab5.2\SOF304_Lab5.2.csproj", "{2E05B5B6-D189-4D8E-AC80-7FB38E5ED86A}"
EndProject
Global
	GlobalSection(SolutionConfigurationPlatforms) = preSolution
		Debug|Any CPU = Debug|Any CPU
		Release|Any CPU = Release|Any CPU
	EndGlobalSection
	GlobalSection(ProjectConfigurationPlatforms) = postSolution
		{F2CA1003-BC51-412E-BF4A-329E0CECB2BC}.Debug|Any CPU.ActiveCfg = Debug|Any CPU
		{F2CA1003-BC51-412E-BF4A-329E0CECB2BC}.Debug|Any CPU.Build.0 = Debug|Any CPU
		{F2CA1003-BC51-412E-BF4A-329E0CECB2BC}.Release|Any CPU.ActiveCfg = Release|Any CPU
		{F2CA1003-BC51-412E-BF4A-329E0CECB2BC}.Release|Any CPU.Build.0 = Release|Any CPU
		{2E05B5B6-D189-4D8E-AC80-7FB38E5ED86A}.Debug|Any CPU.ActiveCfg = Debug|Any CPU
		{2E05B5B6-D189-4D8E-AC80-7FB38E5ED86A}.Debug|Any CPU.Build.0 = Debug|Any CPU
		{2E05B5B6-D189-4D8E-AC80-7FB38E5ED86A}.Release|Any CPU.ActiveCfg = Release|Any CPU
		{2E05B5B6-D189-4D8E-AC80-7FB38E5ED86A}.Release|Any CPU.Build.0 = Release|Any CPU
	EndGlobalSection
	GlobalSection(SolutionProperties) = preSolution
		HideSolutionNode = FALSE
	EndGlobalSection
	GlobalSection(ExtensibilityGlobals) = postSolution
		SolutionGuid = {3C0F4C1E-28D9-42B7-ABCA-D6E508E7FF5D}
	EndGlobalSection
EndGlobal
